
Microsoft Visual Studio Solution File, Format Version 12.00
# Visual Studio 15
VisualStudioVersion = 15.0.27130.2010
MinimumVisualStudioVersion = 10.0.40219.1
Project("{FAE04EC0-301F-11D3-BF4B-00C04F79EFBC}") = "UserConsole", "UserConsole\UserConsole.csproj", "{93C14CFB-B8AC-42CB-85C8-C37191364533}"
EndProject
Project("{FAE04EC0-301F-11D3-BF4B-00C04F79EFBC}") = "UserInfo", "..\UserInfo\UserInfo\UserInfo.csproj", "{D42114A1-9A53-43C9-AEC7-032A96F0041F}"
EndProject
Global
	GlobalSection(SolutionConfigurationPlatforms) = preSolution
		Debug|Any CPU = Debug|Any CPU
		Release|Any CPU = Release|Any CPU
	EndGlobalSection
	GlobalSection(ProjectConfigurationPlatforms) = postSolution
		{93C14CFB-B8AC-42CB-85C8-C37191364533}.Debug|Any CPU.ActiveCfg = Debug|Any CPU
		{93C14CFB-B8AC-42CB-85C8-C37191364533}.Debug|Any CPU.Build.0 = Debug|Any CPU
		{93C14CFB-B8AC-42CB-85C8-C37191364533}.Release|Any CPU.ActiveCfg = Release|Any CPU
		{93C14CFB-B8AC-42CB-85C8-C37191364533}.Release|Any CPU.Build.0 = Release|Any CPU
		{D42114A1-9A53-43C9-AEC7-032A96F0041F}.Debug|Any CPU.ActiveCfg = Debug|Any CPU
		{D42114A1-9A53-43C9-AEC7-032A96F0041F}.Debug|Any CPU.Build.0 = Debug|Any CPU
		{D42114A1-9A53-43C9-AEC7-032A96F0041F}.Release|Any CPU.ActiveCfg = Release|Any CPU
		{D42114A1-9A53-43C9-AEC7-032A96F0041F}.Release|Any CPU.Build.0 = Release|Any CPU
	EndGlobalSection
	GlobalSection(SolutionProperties) = preSolution
		HideSolutionNode = FALSE
	EndGlobalSection
	GlobalSection(ExtensibilityGlobals) = postSolution
		SolutionGuid = {D1BA2D2A-0412-46C4-ADDA-F47409749A94}
	EndGlobalSection
EndGlobal
